{
  "nodes": {
    "nixpkgs": {
      "locked": {
        "lastModified": 1787360063,
        "narHash": "sha256-dt4WdcvsA8/RCe+VZZwqU0X+XMM3wBbGCWA0/sFWzGo=",
        "owner": "NixOS",
        "repo": "nixpkgs",
        "rev": "2c423e03bbafcff28bfadc6781a4a8257f205cb5",
        "type": "github"
      },
      "original": {
        "owner": "NixOS",
        "ref": "nixos-unstable",
        "repo": "nixpkgs",
        "type": "github"
      }
    },
    "nixpkgsDarwin": {
      "locked": {
        "lastModified": 1789155820,
        "narHash": "sha256-cTHZTeYRV42p62ss3ZEFnBXrW3WpLgDpYWYyat4V2b8=",
        "owner": "NixOS",
        "repo": "nixpkgs",
        "rev": "8029b6c369415ee1ef02a86f352806348f104db9",
        "type": "github"
      },
      "original": {
        "owner": "NixOS",
        "ref": "nixpkgs-26.05-darwin",
        "repo": "nixpkgs",
        "type": "github"
      }
    },
    "root": {
      "inputs": {
        "nixpkgs": "nixpkgs",
        "nixpkgsDarwin": "nixpkgsDarwin"
      }
    }
  },
  "root": "root",
  "version": 7
}
